
Microsoft Visual Studio Solution File, Format Version 12.00
# Visual Studio 15
VisualStudioVersion = 15.0.26124.0
MinimumVisualStudioVersion = 15.0.26124.0
Project("{FAE04EC0-301F-11D3-BF4B-00C04F79EFBC}") = "HumanTimeParser.Core", "src\HumanTimeParser.Core\HumanTimeParser.Core.csproj", "{32E53C70-8366-489D-A75A-10A5D812598A}"
EndProject
Project("{FAE04EC0-301F-11D3-BF4B-00C04F79EFBC}") = "HumanTimeParser.English", "src\HumanTimeParser.English\HumanTimeParser.English.csproj", "{17623938-7629-49C2-A284-4D76B5BFFD31}"
EndProject
Project("{FAE04EC0-301F-11D3-BF4B-00C04F79EFBC}") = "HumanTimeParser.English.Tests", "test\HumanTimeParser.English.Tests\HumanTimeParser.English.Tests.csproj", "{6BE43D22-E75D-4E65-8EE1-CB4F74F47348}"
EndProject
Global
	GlobalSection(SolutionConfigurationPlatforms) = preSolution
		Debug|Any CPU = Debug|Any CPU
		Debug|x64 = Debug|x64
		Debug|x86 = Debug|x86
		Release|Any CPU = Release|Any CPU
		Release|x64 = Release|x64
		Release|x86 = Release|x86
	EndGlobalSection
	GlobalSection(SolutionProperties) = preSolution
		HideSolutionNode = FALSE
	EndGlobalSection
	GlobalSection(ProjectConfigurationPlatforms) = postSolution
		{32E53C70-8366-489D-A75A-10A5D812598A}.Debug|Any CPU.ActiveCfg = Debug|Any CPU
		{32E53C70-8366-489D-A75A-10A5D812598A}.Debug|Any CPU.Build.0 = Debug|Any CPU
		{32E53C70-8366-489D-A75A-10A5D812598A}.Debug|x64.ActiveCfg = Debug|Any CPU
		{32E53C70-8366-489D-A75A-10A5D812598A}.Debug|x64.Build.0 = Debug|Any CPU
		{32E53C70-8366-489D-A75A-10A5D812598A}.Debug|x86.ActiveCfg = Debug|Any CPU
		{32E53C70-8366-489D-A75A-10A5D812598A}.Debug|x86.Build.0 = Debug|Any CPU
		{32E53C70-8366-489D-A75A-10A5D812598A}.Release|Any CPU.ActiveCfg = Release|Any CPU
		{32E53C70-8366-489D-A75A-10A5D812598A}.Release|Any CPU.Build.0 = Release|Any CPU
		{32E53C70-8366-489D-A75A-10A5D812598A}.Release|x64.ActiveCfg = Release|Any CPU
		{32E53C70-8366-489D-A75A-10A5D812598A}.Release|x64.Build.0 = Release|Any CPU
		{32E53C70-8366-489D-A75A-10A5D812598A}.Release|x86.ActiveCfg = Release|Any CPU
		{32E53C70-8366-489D-A75A-10A5D812598A}.Release|x86.Build.0 = Release|Any CPU
		{17623938-7629-49C2-A284-4D76B5BFFD31}.Debug|Any CPU.ActiveCfg = Debug|Any CPU
		{17623938-7629-49C2-A284-4D76B5BFFD31}.Debug|Any CPU.Build.0 = Debug|Any CPU
		{17623938-7629-49C2-A284-4D76B5BFFD31}.Debug|x64.ActiveCfg = Debug|Any CPU
		{17623938-7629-49C2-A284-4D76B5BFFD31}.Debug|x64.Build.0 = Debug|Any CPU
		{17623938-7629-49C2-A284-4D76B5BFFD31}.Debug|x86.ActiveCfg = Debug|Any CPU
		{17623938-7629-49C2-A284-4D76B5BFFD31}.Debug|x86.Build.0 = Debug|Any CPU
		{17623938-7629-49C2-A284-4D76B5BFFD31}.Release|Any CPU.ActiveCfg = Release|Any CPU
		{17623938-7629-49C2-A284-4D76B5BFFD31}.Release|Any CPU.Build.0 = Release|Any CPU
		{17623938-7629-49C2-A284-4D76B5BFFD31}.Release|x64.ActiveCfg = Release|Any CPU
		{17623938-7629-49C2-A284-4D76B5BFFD31}.Release|x64.Build.0 = Release|Any CPU
		{17623938-7629-49C2-A284-4D76B5BFFD31}.Release|x86.ActiveCfg = Release|Any CPU
		{17623938-7629-49C2-A284-4D76B5BFFD31}.Release|x86.Build.0 = Release|Any CPU
		{6BE43D22-E75D-4E65-8EE1-CB4F74F47348}.Debug|Any CPU.ActiveCfg = Debug|Any CPU
		{6BE43D22-E75D-4E65-8EE1-CB4F74F47348}.Debug|Any CPU.Build.0 = Debug|Any CPU
		{6BE43D22-E75D-4E65-8EE1-CB4F74F47348}.Debug|x64.ActiveCfg = Debug|Any CPU
		{6BE43D22-E75D-4E65-8EE1-CB4F74F47348}.Debug|x64.Build.0 = Debug|Any CPU
		{6BE43D22-E75D-4E65-8EE1-CB4F74F47348}.Debug|x86.ActiveCfg = Debug|Any CPU
		{6BE43D22-E75D-4E65-8EE1-CB4F74F47348}.Debug|x86.Build.0 = Debug|Any CPU
		{6BE43D22-E75D-4E65-8EE1-CB4F74F47348}.Release|Any CPU.ActiveCfg = Release|Any CPU
		{6BE43D22-E75D-4E65-8EE1-CB4F74F47348}.Release|Any CPU.Build.0 = Release|Any CPU
		{6BE43D22-E75D-4E65-8EE1-CB4F74F47348}.Release|x64.ActiveCfg = Release|Any CPU
		{6BE43D22-E75D-4E65-8EE1-CB4F74F47348}.Release|x64.Build.0 = Release|Any CPU
		{6BE43D22-E75D-4E65-8EE1-CB4F74F47348}.Release|x86.ActiveCfg = Release|Any CPU
		{6BE43D22-E75D-4E65-8EE1-CB4F74F47348}.Release|x86.Build.0 = Release|Any CPU
	EndGlobalSection
EndGlobal
